
Microsoft Visual Studio Solution File, Format Version 12.00
# Visual Studio Version 17
VisualStudioVersion = 17.14.36202.13 d17.14
MinimumVisualStudioVersion = 10.0.40219.1
Project("{FAE04EC0-301F-11D3-BF4B-00C04F79EFBC}") = "ConsumableWarehouse", "ConsumableWarehouse.csproj", "{7669ADF1-14E6-4A86-B38E-DB6195C3BBE1}"
EndProject
Global
	GlobalSection(SolutionConfigurationPlatforms) = preSolution
		Debug|Any CPU = Debug|Any CPU
		Release|Any CPU = Release|Any CPU
	EndGlobalSection
	GlobalSection(ProjectConfigurationPlatforms) = postSolution
		{7669ADF1-14E6-4A86-B38E-DB6195C3BBE1}.Debug|Any CPU.ActiveCfg = Debug|Any CPU
		{7669ADF1-14E6-4A86-B38E-DB6195C3BBE1}.Debug|Any CPU.Build.0 = Debug|Any CPU
		{7669ADF1-14E6-4A86-B38E-DB6195C3BBE1}.Release|Any CPU.ActiveCfg = Release|Any CPU
		{7669ADF1-14E6-4A86-B38E-DB6195C3BBE1}.Release|Any CPU.Build.0 = Release|Any CPU
	EndGlobalSection
	GlobalSection(SolutionProperties) = preSolution
		HideSolutionNode = FALSE
	EndGlobalSection
	GlobalSection(ExtensibilityGlobals) = postSolution
		SolutionGuid = {58110D27-9386-445C-B419-3EBD49E1B2DD}
	EndGlobalSection
EndGlobal
